// !$*UTF8*$!
{
	archiveVersion = 1;
	classes = {
	};
	objectVersion = 50;
	objects = {

/* Begin PBXBuildFile section */
		04122EEC21AE7CB600B97D71 /* WJMySelfRecordViewModel.swift in Sources */ = {isa = PBXBuildFile; fileRef = 04122EEB21AE7CB600B97D71 /* WJMySelfRecordViewModel.swift */; };
		042459F221AFBB7C004AEABE /* WJBaseRequestProtocol.swift in Sources */ = {isa = PBXBuildFile; fileRef = 042459F121AFBB7C004AEABE /* WJBaseRequestProtocol.swift */; };
		042459F421AFBC6C004AEABE /* MyCenterRequestService.swift in Sources */ = {isa = PBXBuildFile; fileRef = 042459F321AFBC6C004AEABE /* MyCenterRequestService.swift */; };
		042459F621AFC092004AEABE /* MyCenterRequestApi.swift in Sources */ = {isa = PBXBuildFile; fileRef = 042459F521AFC092004AEABE /* MyCenterRequestApi.swift */; };
		04D0D97421AD29D100F7050C /* AppDelegate.swift in Sources */ = {isa = PBXBuildFile; fileRef = 04D0D97321AD29D000F7050C /* AppDelegate.swift */; };
		04D0D97621AD29D100F7050C /* ViewController.swift in Sources */ = {isa = PBXBuildFile; fileRef = 04D0D97521AD29D100F7050C /* ViewController.swift */; };
		04D0D97921AD29D100F7050C /* Main.storyboard in Resources */ = {isa = PBXBuildFile; fileRef = 04D0D97721AD29D100F7050C /* Main.storyboard */; };
		04D0D97B21AD29DD00F7050C /* Assets.xcassets in Resources */ = {isa = PBXBuildFile; fileRef = 04D0D97A21AD29DD00F7050C /* Assets.xcassets */; };
		04D0D97E21AD29DD00F7050C /* LaunchScreen.storyboard in Resources */ = {isa = PBXBuildFile; fileRef = 04D0D97C21AD29DD00F7050C /* LaunchScreen.storyboard */; };
		04D0D99621AD3D5100F7050C /* WJHeadExtenson.swift in Sources */ = {isa = PBXBuildFile; fileRef = 04D0D99521AD3D5100F7050C /* WJHeadExtenson.swift */; };
		04D0D99B21AD3E9100F7050C /* WJMySelfRecordController.swift in Sources */ = {isa = PBXBuildFile; fileRef = 04D0D99A21AD3E9100F7050C /* WJMySelfRecordController.swift */; };
		04D0D99D21AD4C8F00F7050C /* WJMySelfRecordCell.swift in Sources */ = {isa = PBXBuildFile; fileRef = 04D0D99C21AD4C8F00F7050C /* WJMySelfRecordCell.swift */; };
		5A771B6935AE3AF4C1D78A6A /* Pods_SwiftDemo1.framework in Frameworks */ = {isa = PBXBuildFile; fileRef = 3A3405D18A8EF2EDFCBDD414 /* Pods_SwiftDemo1.framework */; };
/* End PBXBuildFile section */

/* Begin PBXFileReference section */
		04122EEB21AE7CB600B97D71 /* WJMySelfRecordViewModel.swift */ = {isa = PBXFileReference; lastKnownFileType = sourcecode.swift; path = WJMySelfRecordViewModel.swift; sourceTree = "<group>"; };
		042459F121AFBB7C004AEABE /* WJBaseRequestProtocol.swift */ = {isa = PBXFileReference; lastKnownFileType = sourcecode.swift; path = WJBaseRequestProtocol.swift; sourceTree = "<group>"; };
		042459F321AFBC6C004AEABE /* MyCenterRequestService.swift */ = {isa = PBXFileReference; lastKnownFileType = sourcecode.swift; path = MyCenterRequestService.swift; sourceTree = "<group>"; };
		042459F521AFC092004AEABE /* MyCenterRequestApi.swift */ = {isa = PBXFileReference; lastKnownFileType = sourcecode.swift; path = MyCenterRequestApi.swift; sourceTree = "<group>"; };
		04D0D97021AD29D000F7050C /* SwiftDemo1.app */ = {isa = PBXFileReference; explicitFileType = wrapper.application; includeInIndex = 0; path = SwiftDemo1.app; sourceTree = BUILT_PRODUCTS_DIR; };
		04D0D97321AD29D000F7050C /* AppDelegate.swift */ = {isa = PBXFileReference; lastKnownFileType = sourcecode.swift; path = AppDelegate.swift; sourceTree = "<group>"; };
		04D0D97521AD29D100F7050C /* ViewController.swift */ = {isa = PBXFileReference; lastKnownFileType = sourcecode.swift; path = ViewController.swift; sourceTree = "<group>"; };
		04D0D97821AD29D100F7050C /* Base */ = {isa = PBXFileReference; lastKnownFileType = file.storyboard; name = Base; path = Base.lproj/Main.storyboard; sourceTree = "<group>"; };
		04D0D97A21AD29DD00F7050C /* Assets.xcassets */ = {isa = PBXFileReference; lastKnownFileType = folder.assetcatalog; path = Assets.xcassets; sourceTree = "<group>"; };
		04D0D97D21AD29DD00F7050C /* Base */ = {isa = PBXFileReference; lastKnownFileType = file.storyboard; name = Base; path = Base.lproj/LaunchScreen.storyboard; sourceTree = "<group>"; };
		04D0D97F21AD29DD00F7050C /* Info.plist */ = {isa = PBXFileReference; lastKnownFileType = text.plist.xml; path = Info.plist; sourceTree = "<group>"; };
		04D0D99121AD397100F7050C /* SwiftDemo1-Bridging-Header.h */ = {isa = PBXFileReference; lastKnownFileType = sourcecode.c.h; path = "SwiftDemo1-Bridging-Header.h"; sourceTree = "<group>"; };
		04D0D99521AD3D5100F7050C /* WJHeadExtenson.swift */ = {isa = PBXFileReference; lastKnownFileType = sourcecode.swift; path = WJHeadExtenson.swift; sourceTree = "<group>"; };
		04D0D99A21AD3E9100F7050C /* WJMySelfRecordController.swift */ = {isa = PBXFileReference; lastKnownFileType = sourcecode.swift; path = WJMySelfRecordController.swift; sourceTree = "<group>"; };
		04D0D99C21AD4C8F00F7050C /* WJMySelfRecordCell.swift */ = {isa = PBXFileReference; lastKnownFileType = sourcecode.swift; path = WJMySelfRecordCell.swift; sourceTree = "<group>"; };
		3A3405D18A8EF2EDFCBDD414 /* Pods_SwiftDemo1.framework */ = {isa = PBXFileReference; explicitFileType = wrapper.framework; includeInIndex = 0; path = Pods_SwiftDemo1.framework; sourceTree = BUILT_PRODUCTS_DIR; };
		C610155938B38EAC635CBE6E /* Pods-SwiftDemo1.release.xcconfig */ = {isa = PBXFileReference; includeInIndex = 1; lastKnownFileType = text.xcconfig; name = "Pods-SwiftDemo1.release.xcconfig"; path = "Pods/Target Support Files/Pods-SwiftDemo1/Pods-SwiftDemo1.release.xcconfig"; sourceTree = "<group>"; };
		FDE9E167941D5D4E745E410B /* Pods-SwiftDemo1.debug.xcconfig */ = {isa = PBXFileReference; includeInIndex = 1; lastKnownFileType = text.xcconfig; name = "Pods-SwiftDemo1.debug.xcconfig"; path = "Pods/Target Support Files/Pods-SwiftDemo1/Pods-SwiftDemo1.debug.xcconfig"; sourceTree = "<group>"; };
/* End PBXFileReference section */

/* Begin PBXFrameworksBuildPhase section */
		04D0D96D21AD29D000F7050C /* Frameworks */ = {
			isa = PBXFrameworksBuildPhase;
			buildActionMask = 2147483647;
			files = (
				5A771B6935AE3AF4C1D78A6A /* Pods_SwiftDemo1.framework in Frameworks */,
			);
			runOnlyForDeploymentPostprocessing = 0;
		};
/* End PBXFrameworksBuildPhase section */

/* Begin PBXGroup section */
		042459EE21AFBA4B004AEABE /* ViewModel */ = {
			isa = PBXGroup;
			children = (
				04122EEB21AE7CB600B97D71 /* WJMySelfRecordViewModel.swift */,
			);
			path = ViewModel;
			sourceTree = "<group>";
		};
		042459EF21AFBA59004AEABE /* API */ = {
			isa = PBXGroup;
			children = (
				042459F321AFBC6C004AEABE /* MyCenterRequestService.swift */,
				042459F521AFC092004AEABE /* MyCenterRequestApi.swift */,
			);
			name = API;
			path = "New Group";
			sourceTree = "<group>";
		};
		042459F021AFBB2E004AEABE /* 其他 */ = {
			isa = PBXGroup;
			children = (
				042459F121AFBB7C004AEABE /* WJBaseRequestProtocol.swift */,
			);
			path = "其他";
			sourceTree = "<group>";
		};
		04D0D96721AD29D000F7050C = {
			isa = PBXGroup;
			children = (
				04D0D97221AD29D000F7050C /* SwiftDemo1 */,
				04D0D97121AD29D000F7050C /* Products */,
				C484350B29B75E50B70CE468 /* Pods */,
				F2473E3DCCCC2966757F7F1A /* Frameworks */,
			);
			sourceTree = "<group>";
		};
		04D0D97121AD29D000F7050C /* Products */ = {
			isa = PBXGroup;
			children = (
				04D0D97021AD29D000F7050C /* SwiftDemo1.app */,
			);
			name = Products;
			sourceTree = "<group>";
		};
		04D0D97221AD29D000F7050C /* SwiftDemo1 */ = {
			isa = PBXGroup;
			children = (
				042459F021AFBB2E004AEABE /* 其他 */,
				04D0D99721AD3E2A00F7050C /* 我的 */,
				04D0D98521AD32E700F7050C /* Base */,
				04D0D97321AD29D000F7050C /* AppDelegate.swift */,
				04D0D97521AD29D100F7050C /* ViewController.swift */,
				04D0D97721AD29D100F7050C /* Main.storyboard */,
				04D0D97A21AD29DD00F7050C /* Assets.xcassets */,
				04D0D97C21AD29DD00F7050C /* LaunchScreen.storyboard */,
				04D0D97F21AD29DD00F7050C /* Info.plist */,
			);
			path = SwiftDemo1;
			sourceTree = "<group>";
		};
		04D0D98521AD32E700F7050C /* Base */ = {
			isa = PBXGroup;
			children = (
				04D0D99121AD397100F7050C /* SwiftDemo1-Bridging-Header.h */,
				04D0D99521AD3D5100F7050C /* WJHeadExtenson.swift */,
			);
			path = Base;
			sourceTree = "<group>";
		};
		04D0D99721AD3E2A00F7050C /* 我的 */ = {
			isa = PBXGroup;
			children = (
				042459EF21AFBA59004AEABE /* API */,
				042459EE21AFBA4B004AEABE /* ViewModel */,
				04D0D99A21AD3E9100F7050C /* WJMySelfRecordController.swift */,
				04D0D99C21AD4C8F00F7050C /* WJMySelfRecordCell.swift */,
			);
			path = "我的";
			sourceTree = "<group>";
		};
		C484350B29B75E50B70CE468 /* Pods */ = {
			isa = PBXGroup;
			children = (
				FDE9E167941D5D4E745E410B /* Pods-SwiftDemo1.debug.xcconfig */,
				C610155938B38EAC635CBE6E /* Pods-SwiftDemo1.release.xcconfig */,
			);
			name = Pods;
			sourceTree = "<group>";
		};
		F2473E3DCCCC2966757F7F1A /* Frameworks */ = {
			isa = PBXGroup;
			children = (
				3A3405D18A8EF2EDFCBDD414 /* Pods_SwiftDemo1.framework */,
			);
			name = Frameworks;
			sourceTree = "<group>";
		};
/* End PBXGroup section */

/* Begin PBXNativeTarget section */
		04D0D96F21AD29D000F7050C /* SwiftDemo1 */ = {
			isa = PBXNativeTarget;
			buildConfigurationList = 04D0D98221AD29DD00F7050C /* Build configuration list for PBXNativeTarget "SwiftDemo1" */;
			buildPhases = (
				C16BB28431642574F801DA74 /* [CP] Check Pods Manifest.lock */,
				04D0D96C21AD29D000F7050C /* Sources */,
				04D0D96D21AD29D000F7050C /* Frameworks */,
				04D0D96E21AD29D000F7050C /* Resources */,
				02A346CAB4DD49EE4F13739B /* [CP] Embed Pods Frameworks */,
			);
			buildRules = (
			);
			dependencies = (
			);
			name = SwiftDemo1;
			productName = SwiftDemo1;
			productReference = 04D0D97021AD29D000F7050C /* SwiftDemo1.app */;
			productType = "com.apple.product-type.application";
		};
/* End PBXNativeTarget section */

/* Begin PBXProject section */
		04D0D96821AD29D000F7050C /* Project object */ = {
			isa = PBXProject;
			attributes = {
				LastSwiftUpdateCheck = 1010;
				LastUpgradeCheck = 1010;
				ORGANIZATIONNAME = mac;
				TargetAttributes = {
					04D0D96F21AD29D000F7050C = {
						CreatedOnToolsVersion = 10.1;
						LastSwiftMigration = 1010;
					};
				};
			};
			buildConfigurationList = 04D0D96B21AD29D000F7050C /* Build configuration list for PBXProject "SwiftDemo1" */;
			compatibilityVersion = "Xcode 9.3";
			developmentRegion = en;
			hasScannedForEncodings = 0;
			knownRegions = (
				en,
				Base,
			);
			mainGroup = 04D0D96721AD29D000F7050C;
			productRefGroup = 04D0D97121AD29D000F7050C /* Products */;
			projectDirPath = "";
			projectRoot = "";
			targets = (
				04D0D96F21AD29D000F7050C /* SwiftDemo1 */,
			);
		};
/* End PBXProject section */

/* Begin PBXResourcesBuildPhase section */
		04D0D96E21AD29D000F7050C /* Resources */ = {
			isa = PBXResourcesBuildPhase;
			buildActionMask = 2147483647;
			files = (
				04D0D97E21AD29DD00F7050C /* LaunchScreen.storyboard in Resources */,
				04D0D97B21AD29DD00F7050C /* Assets.xcassets in Resources */,
				04D0D97921AD29D100F7050C /* Main.storyboard in Resources */,
			);
			runOnlyForDeploymentPostprocessing = 0;
		};
/* End PBXResourcesBuildPhase section */

/* Begin PBXShellScriptBuildPhase section */
		02A346CAB4DD49EE4F13739B /* [CP] Embed Pods Frameworks */ = {
			isa = PBXShellScriptBuildPhase;
			buildActionMask = 2147483647;
			files = (
			);
			inputFileListPaths = (
			);
			inputPaths = (
				"${PODS_ROOT}/Target Support Files/Pods-SwiftDemo1/Pods-SwiftDemo1-frameworks.sh",
				"${BUILT_PRODUCTS_DIR}/Alamofire/Alamofire.framework",
				"${BUILT_PRODUCTS_DIR}/Differentiator/Differentiator.framework",
				"${BUILT_PRODUCTS_DIR}/HandyJSON/HandyJSON.framework",
				"${BUILT_PRODUCTS_DIR}/MJRefresh/MJRefresh.framework",
				"${BUILT_PRODUCTS_DIR}/Moya/Moya.framework",
				"${BUILT_PRODUCTS_DIR}/Result/Result.framework",
				"${BUILT_PRODUCTS_DIR}/RxCocoa/RxCocoa.framework",
				"${BUILT_PRODUCTS_DIR}/RxDataSources/RxDataSources.framework",
				"${BUILT_PRODUCTS_DIR}/RxSwift/RxSwift.framework",
				"${BUILT_PRODUCTS_DIR}/SDAutoLayout/SDAutoLayout.framework",
				"${BUILT_PRODUCTS_DIR}/SDWebImage/SDWebImage.framework",
				"${BUILT_PRODUCTS_DIR}/SVProgressHUD/SVProgressHUD.framework",
				"${BUILT_PRODUCTS_DIR}/Then/Then.framework",
			);
			name = "[CP] Embed Pods Frameworks";
			outputFileListPaths = (
			);
			outputPaths = (
				"${TARGET_BUILD_DIR}/${FRAMEWORKS_FOLDER_PATH}/Alamofire.framework",
				"${TARGET_BUILD_DIR}/${FRAMEWORKS_FOLDER_PATH}/Differentiator.framework",
				"${TARGET_BUILD_DIR}/${FRAMEWORKS_FOLDER_PATH}/HandyJSON.framework",
				"${TARGET_BUILD_DIR}/${FRAMEWORKS_FOLDER_PATH}/MJRefresh.framework",
				"${TARGET_BUILD_DIR}/${FRAMEWORKS_FOLDER_PATH}/Moya.framework",
				"${TARGET_BUILD_DIR}/${FRAMEWORKS_FOLDER_PATH}/Result.framework",
				"${TARGET_BUILD_DIR}/${FRAMEWORKS_FOLDER_PATH}/RxCocoa.framework",
				"${TARGET_BUILD_DIR}/${FRAMEWORKS_FOLDER_PATH}/RxDataSources.framework",
				"${TARGET_BUILD_DIR}/${FRAMEWORKS_FOLDER_PATH}/RxSwift.framework",
				"${TARGET_BUILD_DIR}/${FRAMEWORKS_FOLDER_PATH}/SDAutoLayout.framework",
				"${TARGET_BUILD_DIR}/${FRAMEWORKS_FOLDER_PATH}/SDWebImage.framework",
				"${TARGET_BUILD_DIR}/${FRAMEWORKS_FOLDER_PATH}/SVProgressHUD.framework",
				"${TARGET_BUILD_DIR}/${FRAMEWORKS_FOLDER_PATH}/Then.framework",
			);
			runOnlyForDeploymentPostprocessing = 0;
			shellPath = /bin/sh;
			shellScript = "\"${PODS_ROOT}/Target Support Files/Pods-SwiftDemo1/Pods-SwiftDemo1-frameworks.sh\"\n";
			showEnvVarsInLog = 0;
		};
		C16BB28431642574F801DA74 /* [CP] Check Pods Manifest.lock */ = {
			isa = PBXShellScriptBuildPhase;
			buildActionMask = 2147483647;
			files = (
			);
			inputFileListPaths = (
			);
			inputPaths = (
				"${PODS_PODFILE_DIR_PATH}/Podfile.lock",
				"${PODS_ROOT}/Manifest.lock",
			);
			name = "[CP] Check Pods Manifest.lock";
			outputFileListPaths = (
			);
			outputPaths = (
				"$(DERIVED_FILE_DIR)/Pods-SwiftDemo1-checkManifestLockResult.txt",
			);
			runOnlyForDeploymentPostprocessing = 0;
			shellPath = /bin/sh;
			shellScript = "diff \"${PODS_PODFILE_DIR_PATH}/Podfile.lock\" \"${PODS_ROOT}/Manifest.lock\" > /dev/null\nif [ $? != 0 ] ; then\n    # print error to STDERR\n    echo \"error: The sandbox is not in sync with the Podfile.lock. Run 'pod install' or update your CocoaPods installation.\" >&2\n    exit 1\nfi\n# This output is used by Xcode 'outputs' to avoid re-running this script phase.\necho \"SUCCESS\" > \"${SCRIPT_OUTPUT_FILE_0}\"\n";
			showEnvVarsInLog = 0;
		};
/* End PBXShellScriptBuildPhase section */

/* Begin PBXSourcesBuildPhase section */
		04D0D96C21AD29D000F7050C /* Sources */ = {
			isa = PBXSourcesBuildPhase;
			buildActionMask = 2147483647;
			files = (
				04D0D99621AD3D5100F7050C /* WJHeadExtenson.swift in Sources */,
				04D0D97621AD29D100F7050C /* ViewController.swift in Sources */,
				042459F421AFBC6C004AEABE /* MyCenterRequestService.swift in Sources */,
				04D0D99D21AD4C8F00F7050C /* WJMySelfRecordCell.swift in Sources */,
				04122EEC21AE7CB600B97D71 /* WJMySelfRecordViewModel.swift in Sources */,
				04D0D97421AD29D100F7050C /* AppDelegate.swift in Sources */,
				04D0D99B21AD3E9100F7050C /* WJMySelfRecordController.swift in Sources */,
				042459F621AFC092004AEABE /* MyCenterRequestApi.swift in Sources */,
				042459F221AFBB7C004AEABE /* WJBaseRequestProtocol.swift in Sources */,
			);
			runOnlyForDeploymentPostprocessing = 0;
		};
/* End PBXSourcesBuildPhase section */

/* Begin PBXVariantGroup section */
		04D0D97721AD29D100F7050C /* Main.storyboard */ = {
			isa = PBXVariantGroup;
			children = (
				04D0D97821AD29D100F7050C /* Base */,
			);
			name = Main.storyboard;
			sourceTree = "<group>";
		};
		04D0D97C21AD29DD00F7050C /* LaunchScreen.storyboard */ = {
			isa = PBXVariantGroup;
			children = (
				04D0D97D21AD29DD00F7050C /* Base */,
			);
			name = LaunchScreen.storyboard;
			sourceTree = "<group>";
		};
/* End PBXVariantGroup section */

/* Begin XCBuildConfiguration section */
		04D0D98021AD29DD00F7050C /* Debug */ = {
			isa = XCBuildConfiguration;
			buildSettings = {
				ALWAYS_SEARCH_USER_PATHS = NO;
				CLANG_ANALYZER_NONNULL = YES;
				CLANG_ANALYZER_NUMBER_OBJECT_CONVERSION = YES_AGGRESSIVE;
				CLANG_CXX_LANGUAGE_STANDARD = "gnu++14";
				CLANG_CXX_LIBRARY = "libc++";
				CLANG_ENABLE_MODULES = YES;
				CLANG_ENABLE_OBJC_ARC = YES;
				CLANG_ENABLE_OBJC_WEAK = YES;
				CLANG_WARN_BLOCK_CAPTURE_AUTORELEASING = YES;
				CLANG_WARN_BOOL_CONVERSION = YES;
				CLANG_WARN_COMMA = YES;
				CLANG_WARN_CONSTANT_CONVERSION = YES;
				CLANG_WARN_DEPRECATED_OBJC_IMPLEMENTATIONS = YES;
				CLANG_WARN_DIRECT_OBJC_ISA_USAGE = YES_ERROR;
				CLANG_WARN_DOCUMENTATION_COMMENTS = YES;
				CLANG_WARN_EMPTY_BODY = YES;
				CLANG_WARN_ENUM_CONVERSION = YES;
				CLANG_WARN_INFINITE_RECURSION = YES;
				CLANG_WARN_INT_CONVERSION = YES;
				CLANG_WARN_NON_LITERAL_NULL_CONVERSION = YES;
				CLANG_WARN_OBJC_IMPLICIT_RETAIN_SELF = YES;
				CLANG_WARN_OBJC_LITERAL_CONVERSION = YES;
				CLANG_WARN_OBJC_ROOT_CLASS = YES_ERROR;
				CLANG_WARN_RANGE_LOOP_ANALYSIS = YES;
				CLANG_WARN_STRICT_PROTOTYPES = YES;
				CLANG_WARN_SUSPICIOUS_MOVE = YES;
				CLANG_WARN_UNGUARDED_AVAILABILITY = YES_AGGRESSIVE;
				CLANG_WARN_UNREACHABLE_CODE = YES;
				CLANG_WARN__DUPLICATE_METHOD_MATCH = YES;
				CODE_SIGN_IDENTITY = "iPhone Developer";
				COPY_PHASE_STRIP = NO;
				DEBUG_INFORMATION_FORMAT = dwarf;
				ENABLE_STRICT_OBJC_MSGSEND = YES;
				ENABLE_TESTABILITY = YES;
				GCC_C_LANGUAGE_STANDARD = gnu11;
				GCC_DYNAMIC_NO_PIC = NO;
				GCC_NO_COMMON_BLOCKS = YES;
				GCC_OPTIMIZATION_LEVEL = 0;
				GCC_PREPROCESSOR_DEFINITIONS = (
					"DEBUG=1",
					"$(inherited)",
				);
				GCC_WARN_64_TO_32_BIT_CONVERSION = YES;
				GCC_WARN_ABOUT_RETURN_TYPE = YES_ERROR;
				GCC_WARN_UNDECLARED_SELECTOR = YES;
				GCC_WARN_UNINITIALIZED_AUTOS = YES_AGGRESSIVE;
				GCC_WARN_UNUSED_FUNCTION = YES;
				GCC_WARN_UNUSED_VARIABLE = YES;
				IPHONEOS_DEPLOYMENT_TARGET = 12.1;
				MTL_ENABLE_DEBUG_INFO = INCLUDE_SOURCE;
				MTL_FAST_MATH = YES;
				ONLY_ACTIVE_ARCH = YES;
				SDKROOT = iphoneos;
				SWIFT_ACTIVE_COMPILATION_CONDITIONS = DEBUG;
				SWIFT_OPTIMIZATION_LEVEL = "-Onone";
			};
			name = Debug;
		};
		04D0D98121AD29DD00F7050C /* Release */ = {
			isa = XCBuildConfiguration;
			buildSettings = {
				ALWAYS_SEARCH_USER_PATHS = NO;
				CLANG_ANALYZER_NONNULL = YES;
				CLANG_ANALYZER_NUMBER_OBJECT_CONVERSION = YES_AGGRESSIVE;
				CLANG_CXX_LANGUAGE_STANDARD = "gnu++14";
				CLANG_CXX_LIBRARY = "libc++";
				CLANG_ENABLE_MODULES = YES;
				CLANG_ENABLE_OBJC_ARC = YES;
				CLANG_ENABLE_OBJC_WEAK = YES;
				CLANG_WARN_BLOCK_CAPTURE_AUTORELEASING = YES;
				CLANG_WARN_BOOL_CONVERSION = YES;
				CLANG_WARN_COMMA = YES;
				CLANG_WARN_CONSTANT_CONVERSION = YES;
				CLANG_WARN_DEPRECATED_OBJC_IMPLEMENTATIONS = YES;
				CLANG_WARN_DIRECT_OBJC_ISA_USAGE = YES_ERROR;
				CLANG_WARN_DOCUMENTATION_COMMENTS = YES;
				CLANG_WARN_EMPTY_BODY = YES;
				CLANG_WARN_ENUM_CONVERSION = YES;
				CLANG_WARN_INFINITE_RECURSION = YES;
				CLANG_WARN_INT_CONVERSION = YES;
				CLANG_WARN_NON_LITERAL_NULL_CONVERSION = YES;
				CLANG_WARN_OBJC_IMPLICIT_RETAIN_SELF = YES;
				CLANG_WARN_OBJC_LITERAL_CONVERSION = YES;
				CLANG_WARN_OBJC_ROOT_CLASS = YES_ERROR;
				CLANG_WARN_RANGE_LOOP_ANALYSIS = YES;
				CLANG_WARN_STRICT_PROTOTYPES = YES;
				CLANG_WARN_SUSPICIOUS_MOVE = YES;
				CLANG_WARN_UNGUARDED_AVAILABILITY = YES_AGGRESSIVE;
				CLANG_WARN_UNREACHABLE_CODE = YES;
				CLANG_WARN__DUPLICATE_METHOD_MATCH = YES;
				CODE_SIGN_IDENTITY = "iPhone Developer";
				COPY_PHASE_STRIP = NO;
				DEBUG_INFORMATION_FORMAT = "dwarf-with-dsym";
				ENABLE_NS_ASSERTIONS = NO;
				ENABLE_STRICT_OBJC_MSGSEND = YES;
				GCC_C_LANGUAGE_STANDARD = gnu11;
				GCC_NO_COMMON_BLOCKS = YES;
				GCC_WARN_64_TO_32_BIT_CONVERSION = YES;
				GCC_WARN_ABOUT_RETURN_TYPE = YES_ERROR;
				GCC_WARN_UNDECLARED_SELECTOR = YES;
				GCC_WARN_UNINITIALIZED_AUTOS = YES_AGGRESSIVE;
				GCC_WARN_UNUSED_FUNCTION = YES;
				GCC_WARN_UNUSED_VARIABLE = YES;
				IPHONEOS_DEPLOYMENT_TARGET = 12.1;
				MTL_ENABLE_DEBUG_INFO = NO;
				MTL_FAST_MATH = YES;
				SDKROOT = iphoneos;
				SWIFT_COMPILATION_MODE = wholemodule;
				SWIFT_OPTIMIZATION_LEVEL = "-O";
				VALIDATE_PRODUCT = YES;
			};
			name = Release;
		};
		04D0D98321AD29DD00F7050C /* Debug */ = {
			isa = XCBuildConfiguration;
			baseConfigurationReference = FDE9E167941D5D4E745E410B /* Pods-SwiftDemo1.debug.xcconfig */;
			buildSettings = {
				ASSETCATALOG_COMPILER_APPICON_NAME = AppIcon;
				CLANG_ENABLE_MODULES = YES;
				CODE_SIGN_STYLE = Manual;
				DEFINES_MODULE = YES;
				DEVELOPMENT_TEAM = 7S2GYUJ4XQ;
				INFOPLIST_FILE = SwiftDemo1/Info.plist;
				IPHONEOS_DEPLOYMENT_TARGET = 10.3;
				LD_RUNPATH_SEARCH_PATHS = (
					"$(inherited)",
					"@executable_path/Frameworks",
				);
				PRODUCT_BUNDLE_IDENTIFIER = com.work.rrr;
				PRODUCT_NAME = "$(TARGET_NAME)";
				PROVISIONING_PROFILE_SPECIFIER = WildcardCert;
				SWIFT_OBJC_BRIDGING_HEADER = "SwiftDemo1/Base/SwiftDemo1-Bridging-Header.h";
				SWIFT_OPTIMIZATION_LEVEL = "-Onone";
				SWIFT_VERSION = 4.2;
				TARGETED_DEVICE_FAMILY = 1;
			};
			name = Debug;
		};
		04D0D98421AD29DD00F7050C /* Release */ = {
			isa = XCBuildConfiguration;
			baseConfigurationReference = C610155938B38EAC635CBE6E /* Pods-SwiftDemo1.release.xcconfig */;
			buildSettings = {
				ASSETCATALOG_COMPILER_APPICON_NAME = AppIcon;
				CLANG_ENABLE_MODULES = YES;
				CODE_SIGN_STYLE = Manual;
				DEFINES_MODULE = YES;
				DEVELOPMENT_TEAM = 7S2GYUJ4XQ;
				INFOPLIST_FILE = SwiftDemo1/Info.plist;
				IPHONEOS_DEPLOYMENT_TARGET = 10.3;
				LD_RUNPATH_SEARCH_PATHS = (
					"$(inherited)",
					"@executable_path/Frameworks",
				);
				PRODUCT_BUNDLE_IDENTIFIER = com.work.rrr;
				PRODUCT_NAME = "$(TARGET_NAME)";
				PROVISIONING_PROFILE_SPECIFIER = WildcardCert;
				SWIFT_OBJC_BRIDGING_HEADER = "SwiftDemo1/Base/SwiftDemo1-Bridging-Header.h";
				SWIFT_VERSION = 4.2;
				TARGETED_DEVICE_FAMILY = 1;
			};
			name = Release;
		};
/* End XCBuildConfiguration section */

/* Begin XCConfigurationList section */
		04D0D96B21AD29D000F7050C /* Build configuration list for PBXProject "SwiftDemo1" */ = {
			isa = XCConfigurationList;
			buildConfigurations = (
				04D0D98021AD29DD00F7050C /* Debug */,
				04D0D98121AD29DD00F7050C /* Release */,
			);
			defaultConfigurationIsVisible = 0;
			defaultConfigurationName = Release;
		};
		04D0D98221AD29DD00F7050C /* Build configuration list for PBXNativeTarget "SwiftDemo1" */ = {
			isa = XCConfigurationList;
			buildConfigurations = (
				04D0D98321AD29DD00F7050C /* Debug */,
				04D0D98421AD29DD00F7050C /* Release */,
			);
			defaultConfigurationIsVisible = 0;
			defaultConfigurationName = Release;
		};
/* End XCConfigurationList section */
	};
	rootObject = 04D0D96821AD29D000F7050C /* Project object */;
}
